
Microsoft Visual Studio Solution File, Format Version 12.00
# Visual Studio Version 16
VisualStudioVersion = 16.0.30523.141
MinimumVisualStudioVersion = 10.0.40219.1
Project("{FAE04EC0-301F-11D3-BF4B-00C04F79EFBC}") = "Rouge Game Gade6112", "Rouge Game Gade6112\Rouge Game Gade6112.csproj", "{ACA67911-32D6-44D0-A48E-CF7B384C0652}"
EndProject
Global
	GlobalSection(SolutionConfigurationPlatforms) = preSolution
		Debug|Any CPU = Debug|Any CPU
		Release|Any CPU = Release|Any CPU
	EndGlobalSection
	GlobalSection(ProjectConfigurationPlatforms) = postSolution
		{ACA67911-32D6-44D0-A48E-CF7B384C0652}.Debug|Any CPU.ActiveCfg = Debug|Any CPU
		{ACA67911-32D6-44D0-A48E-CF7B384C0652}.Debug|Any CPU.Build.0 = Debug|Any CPU
		{ACA67911-32D6-44D0-A48E-CF7B384C0652}.Release|Any CPU.ActiveCfg = Release|Any CPU
		{ACA67911-32D6-44D0-A48E-CF7B384C0652}.Release|Any CPU.Build.0 = Release|Any CPU
	EndGlobalSection
	GlobalSection(SolutionProperties) = preSolution
		HideSolutionNode = FALSE
	EndGlobalSection
	GlobalSection(ExtensibilityGlobals) = postSolution
		SolutionGuid = {126DB1AC-A031-4B01-BCEA-8647F072EC1E}
	EndGlobalSection
EndGlobal
